
Microsoft Visual Studio Solution File, Format Version 12.00
# Visual Studio Version 17
VisualStudioVersion = 17.9.34622.214
MinimumVisualStudioVersion = 10.0.40219.1
Project("{FAE04EC0-301F-11D3-BF4B-00C04F79EFBC}") = "MyPortfolioUdemy", "MyPortfolioUdemy.csproj", "{226411BC-5082-4A56-8FED-640C3D476971}"
EndProject
Global
	GlobalSection(SolutionConfigurationPlatforms) = preSolution
		Debug|Any CPU = Debug|Any CPU
		Release|Any CPU = Release|Any CPU
	EndGlobalSection
	GlobalSection(ProjectConfigurationPlatforms) = postSolution
		{226411BC-5082-4A56-8FED-640C3D476971}.Debug|Any CPU.ActiveCfg = Debug|Any CPU
		{226411BC-5082-4A56-8FED-640C3D476971}.Debug|Any CPU.Build.0 = Debug|Any CPU
		{226411BC-5082-4A56-8FED-640C3D476971}.Release|Any CPU.ActiveCfg = Release|Any CPU
		{226411BC-5082-4A56-8FED-640C3D476971}.Release|Any CPU.Build.0 = Release|Any CPU
	EndGlobalSection
	GlobalSection(SolutionProperties) = preSolution
		HideSolutionNode = FALSE
	EndGlobalSection
	GlobalSection(ExtensibilityGlobals) = postSolution
		SolutionGuid = {FAEE709F-AEF7-414A-B1A5-83132F8CE737}
	EndGlobalSection
EndGlobal
